// !$*UTF8*$!
{
	archiveVersion = 1;
	classes = {
	};
	objectVersion = 50;
	objects = {

/* Begin PBXBuildFile section */
		A633377A25BCA09C00572A01 /* AppDelegate.swift in Sources */ = {isa = PBXBuildFile; fileRef = A633377925BCA09C00572A01 /* AppDelegate.swift */; };
		A633377C25BCA09C00572A01 /* SceneDelegate.swift in Sources */ = {isa = PBXBuildFile; fileRef = A633377B25BCA09C00572A01 /* SceneDelegate.swift */; };
		A633378425BCA09C00572A01 /* Breeds.xcdatamodeld in Sources */ = {isa = PBXBuildFile; fileRef = A633378225BCA09C00572A01 /* Breeds.xcdatamodeld */; };
		A633378625BCA09F00572A01 /* Assets.xcassets in Resources */ = {isa = PBXBuildFile; fileRef = A633378525BCA09F00572A01 /* Assets.xcassets */; };
		A633378925BCA09F00572A01 /* LaunchScreen.storyboard in Resources */ = {isa = PBXBuildFile; fileRef = A633378725BCA09F00572A01 /* LaunchScreen.storyboard */; };
		A633379425BCA0A000572A01 /* BreedsTests.swift in Sources */ = {isa = PBXBuildFile; fileRef = A633379325BCA0A000572A01 /* BreedsTests.swift */; };
		A633379F25BCA0A000572A01 /* BreedsUITests.swift in Sources */ = {isa = PBXBuildFile; fileRef = A633379E25BCA0A000572A01 /* BreedsUITests.swift */; };
		A63337C625BCA3BD00572A01 /* BreedsListViewController.swift in Sources */ = {isa = PBXBuildFile; fileRef = A63337C525BCA3BD00572A01 /* BreedsListViewController.swift */; };
/* End PBXBuildFile section */

/* Begin PBXContainerItemProxy section */
		A633379025BCA0A000572A01 /* PBXContainerItemProxy */ = {
			isa = PBXContainerItemProxy;
			containerPortal = A633376E25BCA09C00572A01 /* Project object */;
			proxyType = 1;
			remoteGlobalIDString = A633377525BCA09C00572A01;
			remoteInfo = Breeds;
		};
		A633379B25BCA0A000572A01 /* PBXContainerItemProxy */ = {
			isa = PBXContainerItemProxy;
			containerPortal = A633376E25BCA09C00572A01 /* Project object */;
			proxyType = 1;
			remoteGlobalIDString = A633377525BCA09C00572A01;
			remoteInfo = Breeds;
		};
/* End PBXContainerItemProxy section */

/* Begin PBXFileReference section */
		A633377625BCA09C00572A01 /* Breeds.app */ = {isa = PBXFileReference; explicitFileType = wrapper.application; includeInIndex = 0; path = Breeds.app; sourceTree = BUILT_PRODUCTS_DIR; };
		A633377925BCA09C00572A01 /* AppDelegate.swift */ = {isa = PBXFileReference; lastKnownFileType = sourcecode.swift; path = AppDelegate.swift; sourceTree = "<group>"; };
		A633377B25BCA09C00572A01 /* SceneDelegate.swift */ = {isa = PBXFileReference; lastKnownFileType = sourcecode.swift; path = SceneDelegate.swift; sourceTree = "<group>"; };
		A633378325BCA09C00572A01 /* Breeds.xcdatamodel */ = {isa = PBXFileReference; lastKnownFileType = wrapper.xcdatamodel; path = Breeds.xcdatamodel; sourceTree = "<group>"; };
		A633378525BCA09F00572A01 /* Assets.xcassets */ = {isa = PBXFileReference; lastKnownFileType = folder.assetcatalog; path = Assets.xcassets; sourceTree = "<group>"; };
		A633378825BCA09F00572A01 /* Base */ = {isa = PBXFileReference; lastKnownFileType = file.storyboard; name = Base; path = Base.lproj/LaunchScreen.storyboard; sourceTree = "<group>"; };
		A633378A25BCA09F00572A01 /* Info.plist */ = {isa = PBXFileReference; lastKnownFileType = text.plist.xml; path = Info.plist; sourceTree = "<group>"; };
		A633378F25BCA0A000572A01 /* BreedsTests.xctest */ = {isa = PBXFileReference; explicitFileType = wrapper.cfbundle; includeInIndex = 0; path = BreedsTests.xctest; sourceTree = BUILT_PRODUCTS_DIR; };
		A633379325BCA0A000572A01 /* BreedsTests.swift */ = {isa = PBXFileReference; lastKnownFileType = sourcecode.swift; path = BreedsTests.swift; sourceTree = "<group>"; };
		A633379525BCA0A000572A01 /* Info.plist */ = {isa = PBXFileReference; lastKnownFileType = text.plist.xml; path = Info.plist; sourceTree = "<group>"; };
		A633379A25BCA0A000572A01 /* BreedsUITests.xctest */ = {isa = PBXFileReference; explicitFileType = wrapper.cfbundle; includeInIndex = 0; path = BreedsUITests.xctest; sourceTree = BUILT_PRODUCTS_DIR; };
		A633379E25BCA0A000572A01 /* BreedsUITests.swift */ = {isa = PBXFileReference; lastKnownFileType = sourcecode.swift; path = BreedsUITests.swift; sourceTree = "<group>"; };
		A63337A025BCA0A000572A01 /* Info.plist */ = {isa = PBXFileReference; lastKnownFileType = text.plist.xml; path = Info.plist; sourceTree = "<group>"; };
		A63337C525BCA3BD00572A01 /* BreedsListViewController.swift */ = {isa = PBXFileReference; lastKnownFileType = sourcecode.swift; path = BreedsListViewController.swift; sourceTree = "<group>"; };
/* End PBXFileReference section */

/* Begin PBXFrameworksBuildPhase section */
		A633377325BCA09C00572A01 /* Frameworks */ = {
			isa = PBXFrameworksBuildPhase;
			buildActionMask = 2147483647;
			files = (
			);
			runOnlyForDeploymentPostprocessing = 0;
		};
		A633378C25BCA0A000572A01 /* Frameworks */ = {
			isa = PBXFrameworksBuildPhase;
			buildActionMask = 2147483647;
			files = (
			);
			runOnlyForDeploymentPostprocessing = 0;
		};
		A633379725BCA0A000572A01 /* Frameworks */ = {
			isa = PBXFrameworksBuildPhase;
			buildActionMask = 2147483647;
			files = (
			);
			runOnlyForDeploymentPostprocessing = 0;
		};
/* End PBXFrameworksBuildPhase section */

/* Begin PBXGroup section */
		A633376D25BCA09C00572A01 = {
			isa = PBXGroup;
			children = (
				A633377825BCA09C00572A01 /* Breeds */,
				A633379225BCA0A000572A01 /* BreedsTests */,
				A633379D25BCA0A000572A01 /* BreedsUITests */,
				A633377725BCA09C00572A01 /* Products */,
			);
			sourceTree = "<group>";
		};
		A633377725BCA09C00572A01 /* Products */ = {
			isa = PBXGroup;
			children = (
				A633377625BCA09C00572A01 /* Breeds.app */,
				A633378F25BCA0A000572A01 /* BreedsTests.xctest */,
				A633379A25BCA0A000572A01 /* BreedsUITests.xctest */,
			);
			name = Products;
			sourceTree = "<group>";
		};
		A633377825BCA09C00572A01 /* Breeds */ = {
			isa = PBXGroup;
			children = (
				A63337B525BCA2C800572A01 /* Application */,
				A633378225BCA09C00572A01 /* Breeds.xcdatamodeld */,
				A63337BA25BCA2E200572A01 /* Common */,
				A63337BC25BCA30600572A01 /* Network */,
				A63337B925BCA2D500572A01 /* Resources */,
				A63337BB25BCA2EE00572A01 /* Scenes */,
			);
			path = Breeds;
			sourceTree = "<group>";
		};
		A633379225BCA0A000572A01 /* BreedsTests */ = {
			isa = PBXGroup;
			children = (
				A633379325BCA0A000572A01 /* BreedsTests.swift */,
				A633379525BCA0A000572A01 /* Info.plist */,
			);
			path = BreedsTests;
			sourceTree = "<group>";
		};
		A633379D25BCA0A000572A01 /* BreedsUITests */ = {
			isa = PBXGroup;
			children = (
				A633379E25BCA0A000572A01 /* BreedsUITests.swift */,
				A63337A025BCA0A000572A01 /* Info.plist */,
			);
			path = BreedsUITests;
			sourceTree = "<group>";
		};
		A63337B525BCA2C800572A01 /* Application */ = {
			isa = PBXGroup;
			children = (
				A633377925BCA09C00572A01 /* AppDelegate.swift */,
				A633377B25BCA09C00572A01 /* SceneDelegate.swift */,
			);
			path = Application;
			sourceTree = "<group>";
		};
		A63337B925BCA2D500572A01 /* Resources */ = {
			isa = PBXGroup;
			children = (
				A633378525BCA09F00572A01 /* Assets.xcassets */,
				A633378725BCA09F00572A01 /* LaunchScreen.storyboard */,
				A633378A25BCA09F00572A01 /* Info.plist */,
			);
			path = Resources;
			sourceTree = "<group>";
		};
		A63337BA25BCA2E200572A01 /* Common */ = {
			isa = PBXGroup;
			children = (
			);
			path = Common;
			sourceTree = "<group>";
		};
		A63337BB25BCA2EE00572A01 /* Scenes */ = {
			isa = PBXGroup;
			children = (
				A63337C025BCA34400572A01 /* BreedsList */,
			);
			path = Scenes;
			sourceTree = "<group>";
		};
		A63337BC25BCA30600572A01 /* Network */ = {
			isa = PBXGroup;
			children = (
			);
			path = Network;
			sourceTree = "<group>";
		};
		A63337C025BCA34400572A01 /* BreedsList */ = {
			isa = PBXGroup;
			children = (
				A63337C125BCA35200572A01 /* Controller */,
				A63337C225BCA35700572A01 /* Coordinator */,
				A63337C325BCA35D00572A01 /* Model */,
				A63337C425BCA37400572A01 /* View */,
			);
			path = BreedsList;
			sourceTree = "<group>";
		};
		A63337C125BCA35200572A01 /* Controller */ = {
			isa = PBXGroup;
			children = (
				A63337C525BCA3BD00572A01 /* BreedsListViewController.swift */,
			);
			path = Controller;
			sourceTree = "<group>";
		};
		A63337C225BCA35700572A01 /* Coordinator */ = {
			isa = PBXGroup;
			children = (
			);
			path = Coordinator;
			sourceTree = "<group>";
		};
		A63337C325BCA35D00572A01 /* Model */ = {
			isa = PBXGroup;
			children = (
			);
			path = Model;
			sourceTree = "<group>";
		};
		A63337C425BCA37400572A01 /* View */ = {
			isa = PBXGroup;
			children = (
			);
			path = View;
			sourceTree = "<group>";
		};
/* End PBXGroup section */

/* Begin PBXNativeTarget section */
		A633377525BCA09C00572A01 /* Breeds */ = {
			isa = PBXNativeTarget;
			buildConfigurationList = A63337A325BCA0A000572A01 /* Build configuration list for PBXNativeTarget "Breeds" */;
			buildPhases = (
				A633377225BCA09C00572A01 /* Sources */,
				A633377325BCA09C00572A01 /* Frameworks */,
				A633377425BCA09C00572A01 /* Resources */,
			);
			buildRules = (
			);
			dependencies = (
			);
			name = Breeds;
			productName = Breeds;
			productReference = A633377625BCA09C00572A01 /* Breeds.app */;
			productType = "com.apple.product-type.application";
		};
		A633378E25BCA0A000572A01 /* BreedsTests */ = {
			isa = PBXNativeTarget;
			buildConfigurationList = A63337A625BCA0A000572A01 /* Build configuration list for PBXNativeTarget "BreedsTests" */;
			buildPhases = (
				A633378B25BCA0A000572A01 /* Sources */,
				A633378C25BCA0A000572A01 /* Frameworks */,
				A633378D25BCA0A000572A01 /* Resources */,
			);
			buildRules = (
			);
			dependencies = (
				A633379125BCA0A000572A01 /* PBXTargetDependency */,
			);
			name = BreedsTests;
			productName = BreedsTests;
			productReference = A633378F25BCA0A000572A01 /* BreedsTests.xctest */;
			productType = "com.apple.product-type.bundle.unit-test";
		};
		A633379925BCA0A000572A01 /* BreedsUITests */ = {
			isa = PBXNativeTarget;
			buildConfigurationList = A63337A925BCA0A000572A01 /* Build configuration list for PBXNativeTarget "BreedsUITests" */;
			buildPhases = (
				A633379625BCA0A000572A01 /* Sources */,
				A633379725BCA0A000572A01 /* Frameworks */,
				A633379825BCA0A000572A01 /* Resources */,
			);
			buildRules = (
			);
			dependencies = (
				A633379C25BCA0A000572A01 /* PBXTargetDependency */,
			);
			name = BreedsUITests;
			productName = BreedsUITests;
			productReference = A633379A25BCA0A000572A01 /* BreedsUITests.xctest */;
			productType = "com.apple.product-type.bundle.ui-testing";
		};
/* End PBXNativeTarget section */

/* Begin PBXProject section */
		A633376E25BCA09C00572A01 /* Project object */ = {
			isa = PBXProject;
			attributes = {
				LastSwiftUpdateCheck = 1230;
				LastUpgradeCheck = 1230;
				TargetAttributes = {
					A633377525BCA09C00572A01 = {
						CreatedOnToolsVersion = 12.3;
					};
					A633378E25BCA0A000572A01 = {
						CreatedOnToolsVersion = 12.3;
						TestTargetID = A633377525BCA09C00572A01;
					};
					A633379925BCA0A000572A01 = {
						CreatedOnToolsVersion = 12.3;
						TestTargetID = A633377525BCA09C00572A01;
					};
				};
			};
			buildConfigurationList = A633377125BCA09C00572A01 /* Build configuration list for PBXProject "Breeds" */;
			compatibilityVersion = "Xcode 9.3";
			developmentRegion = en;
			hasScannedForEncodings = 0;
			knownRegions = (
				en,
				Base,
			);
			mainGroup = A633376D25BCA09C00572A01;
			productRefGroup = A633377725BCA09C00572A01 /* Products */;
			projectDirPath = "";
			projectRoot = "";
			targets = (
				A633377525BCA09C00572A01 /* Breeds */,
				A633378E25BCA0A000572A01 /* BreedsTests */,
				A633379925BCA0A000572A01 /* BreedsUITests */,
			);
		};
/* End PBXProject section */

/* Begin PBXResourcesBuildPhase section */
		A633377425BCA09C00572A01 /* Resources */ = {
			isa = PBXResourcesBuildPhase;
			buildActionMask = 2147483647;
			files = (
				A633378925BCA09F00572A01 /* LaunchScreen.storyboard in Resources */,
				A633378625BCA09F00572A01 /* Assets.xcassets in Resources */,
			);
			runOnlyForDeploymentPostprocessing = 0;
		};
		A633378D25BCA0A000572A01 /* Resources */ = {
			isa = PBXResourcesBuildPhase;
			buildActionMask = 2147483647;
			files = (
			);
			runOnlyForDeploymentPostprocessing = 0;
		};
		A633379825BCA0A000572A01 /* Resources */ = {
			isa = PBXResourcesBuildPhase;
			buildActionMask = 2147483647;
			files = (
			);
			runOnlyForDeploymentPostprocessing = 0;
		};
/* End PBXResourcesBuildPhase section */

/* Begin PBXSourcesBuildPhase section */
		A633377225BCA09C00572A01 /* Sources */ = {
			isa = PBXSourcesBuildPhase;
			buildActionMask = 2147483647;
			files = (
				A633378425BCA09C00572A01 /* Breeds.xcdatamodeld in Sources */,
				A63337C625BCA3BD00572A01 /* BreedsListViewController.swift in Sources */,
				A633377A25BCA09C00572A01 /* AppDelegate.swift in Sources */,
				A633377C25BCA09C00572A01 /* SceneDelegate.swift in Sources */,
			);
			runOnlyForDeploymentPostprocessing = 0;
		};
		A633378B25BCA0A000572A01 /* Sources */ = {
			isa = PBXSourcesBuildPhase;
			buildActionMask = 2147483647;
			files = (
				A633379425BCA0A000572A01 /* BreedsTests.swift in Sources */,
			);
			runOnlyForDeploymentPostprocessing = 0;
		};
		A633379625BCA0A000572A01 /* Sources */ = {
			isa = PBXSourcesBuildPhase;
			buildActionMask = 2147483647;
			files = (
				A633379F25BCA0A000572A01 /* BreedsUITests.swift in Sources */,
			);
			runOnlyForDeploymentPostprocessing = 0;
		};
/* End PBXSourcesBuildPhase section */

/* Begin PBXTargetDependency section */
		A633379125BCA0A000572A01 /* PBXTargetDependency */ = {
			isa = PBXTargetDependency;
			target = A633377525BCA09C00572A01 /* Breeds */;
			targetProxy = A633379025BCA0A000572A01 /* PBXContainerItemProxy */;
		};
		A633379C25BCA0A000572A01 /* PBXTargetDependency */ = {
			isa = PBXTargetDependency;
			target = A633377525BCA09C00572A01 /* Breeds */;
			targetProxy = A633379B25BCA0A000572A01 /* PBXContainerItemProxy */;
		};
/* End PBXTargetDependency section */

/* Begin PBXVariantGroup section */
		A633378725BCA09F00572A01 /* LaunchScreen.storyboard */ = {
			isa = PBXVariantGroup;
			children = (
				A633378825BCA09F00572A01 /* Base */,
			);
			name = LaunchScreen.storyboard;
			sourceTree = "<group>";
		};
/* End PBXVariantGroup section */

/* Begin XCBuildConfiguration section */
		A63337A125BCA0A000572A01 /* Debug */ = {
			isa = XCBuildConfiguration;
			buildSettings = {
				ALWAYS_SEARCH_USER_PATHS = NO;
				CLANG_ANALYZER_NONNULL = YES;
				CLANG_ANALYZER_NUMBER_OBJECT_CONVERSION = YES_AGGRESSIVE;
				CLANG_CXX_LANGUAGE_STANDARD = "gnu++14";
				CLANG_CXX_LIBRARY = "libc++";
				CLANG_ENABLE_MODULES = YES;
				CLANG_ENABLE_OBJC_ARC = YES;
				CLANG_ENABLE_OBJC_WEAK = YES;
				CLANG_WARN_BLOCK_CAPTURE_AUTORELEASING = YES;
				CLANG_WARN_BOOL_CONVERSION = YES;
				CLANG_WARN_COMMA = YES;
				CLANG_WARN_CONSTANT_CONVERSION = YES;
				CLANG_WARN_DEPRECATED_OBJC_IMPLEMENTATIONS = YES;
				CLANG_WARN_DIRECT_OBJC_ISA_USAGE = YES_ERROR;
				CLANG_WARN_DOCUMENTATION_COMMENTS = YES;
				CLANG_WARN_EMPTY_BODY = YES;
				CLANG_WARN_ENUM_CONVERSION = YES;
				CLANG_WARN_INFINITE_RECURSION = YES;
				CLANG_WARN_INT_CONVERSION = YES;
				CLANG_WARN_NON_LITERAL_NULL_CONVERSION = YES;
				CLANG_WARN_OBJC_IMPLICIT_RETAIN_SELF = YES;
				CLANG_WARN_OBJC_LITERAL_CONVERSION = YES;
				CLANG_WARN_OBJC_ROOT_CLASS = YES_ERROR;
				CLANG_WARN_QUOTED_INCLUDE_IN_FRAMEWORK_HEADER = YES;
				CLANG_WARN_RANGE_LOOP_ANALYSIS = YES;
				CLANG_WARN_STRICT_PROTOTYPES = YES;
				CLANG_WARN_SUSPICIOUS_MOVE = YES;
				CLANG_WARN_UNGUARDED_AVAILABILITY = YES_AGGRESSIVE;
				CLANG_WARN_UNREACHABLE_CODE = YES;
				CLANG_WARN__DUPLICATE_METHOD_MATCH = YES;
				COPY_PHASE_STRIP = NO;
				DEBUG_INFORMATION_FORMAT = dwarf;
				ENABLE_STRICT_OBJC_MSGSEND = YES;
				ENABLE_TESTABILITY = YES;
				GCC_C_LANGUAGE_STANDARD = gnu11;
				GCC_DYNAMIC_NO_PIC = NO;
				GCC_NO_COMMON_BLOCKS = YES;
				GCC_OPTIMIZATION_LEVEL = 0;
				GCC_PREPROCESSOR_DEFINITIONS = (
					"DEBUG=1",
					"$(inherited)",
				);
				GCC_WARN_64_TO_32_BIT_CONVERSION = YES;
				GCC_WARN_ABOUT_RETURN_TYPE = YES_ERROR;
				GCC_WARN_UNDECLARED_SELECTOR = YES;
				GCC_WARN_UNINITIALIZED_AUTOS = YES_AGGRESSIVE;
				GCC_WARN_UNUSED_FUNCTION = YES;
				GCC_WARN_UNUSED_VARIABLE = YES;
				IPHONEOS_DEPLOYMENT_TARGET = 14.3;
				MTL_ENABLE_DEBUG_INFO = INCLUDE_SOURCE;
				MTL_FAST_MATH = YES;
				ONLY_ACTIVE_ARCH = YES;
				SDKROOT = iphoneos;
				SWIFT_ACTIVE_COMPILATION_CONDITIONS = DEBUG;
				SWIFT_OPTIMIZATION_LEVEL = "-Onone";
			};
			name = Debug;
		};
		A63337A225BCA0A000572A01 /* Release */ = {
			isa = XCBuildConfiguration;
			buildSettings = {
				ALWAYS_SEARCH_USER_PATHS = NO;
				CLANG_ANALYZER_NONNULL = YES;
				CLANG_ANALYZER_NUMBER_OBJECT_CONVERSION = YES_AGGRESSIVE;
				CLANG_CXX_LANGUAGE_STANDARD = "gnu++14";
				CLANG_CXX_LIBRARY = "libc++";
				CLANG_ENABLE_MODULES = YES;
				CLANG_ENABLE_OBJC_ARC = YES;
				CLANG_ENABLE_OBJC_WEAK = YES;
				CLANG_WARN_BLOCK_CAPTURE_AUTORELEASING = YES;
				CLANG_WARN_BOOL_CONVERSION = YES;
				CLANG_WARN_COMMA = YES;
				CLANG_WARN_CONSTANT_CONVERSION = YES;
				CLANG_WARN_DEPRECATED_OBJC_IMPLEMENTATIONS = YES;
				CLANG_WARN_DIRECT_OBJC_ISA_USAGE = YES_ERROR;
				CLANG_WARN_DOCUMENTATION_COMMENTS = YES;
				CLANG_WARN_EMPTY_BODY = YES;
				CLANG_WARN_ENUM_CONVERSION = YES;
				CLANG_WARN_INFINITE_RECURSION = YES;
				CLANG_WARN_INT_CONVERSION = YES;
				CLANG_WARN_NON_LITERAL_NULL_CONVERSION = YES;
				CLANG_WARN_OBJC_IMPLICIT_RETAIN_SELF = YES;
				CLANG_WARN_OBJC_LITERAL_CONVERSION = YES;
				CLANG_WARN_OBJC_ROOT_CLASS = YES_ERROR;
				CLANG_WARN_QUOTED_INCLUDE_IN_FRAMEWORK_HEADER = YES;
				CLANG_WARN_RANGE_LOOP_ANALYSIS = YES;
				CLANG_WARN_STRICT_PROTOTYPES = YES;
				CLANG_WARN_SUSPICIOUS_MOVE = YES;
				CLANG_WARN_UNGUARDED_AVAILABILITY = YES_AGGRESSIVE;
				CLANG_WARN_UNREACHABLE_CODE = YES;
				CLANG_WARN__DUPLICATE_METHOD_MATCH = YES;
				COPY_PHASE_STRIP = NO;
				DEBUG_INFORMATION_FORMAT = "dwarf-with-dsym";
				ENABLE_NS_ASSERTIONS = NO;
				ENABLE_STRICT_OBJC_MSGSEND = YES;
				GCC_C_LANGUAGE_STANDARD = gnu11;
				GCC_NO_COMMON_BLOCKS = YES;
				GCC_WARN_64_TO_32_BIT_CONVERSION = YES;
				GCC_WARN_ABOUT_RETURN_TYPE = YES_ERROR;
				GCC_WARN_UNDECLARED_SELECTOR = YES;
				GCC_WARN_UNINITIALIZED_AUTOS = YES_AGGRESSIVE;
				GCC_WARN_UNUSED_FUNCTION = YES;
				GCC_WARN_UNUSED_VARIABLE = YES;
				IPHONEOS_DEPLOYMENT_TARGET = 14.3;
				MTL_ENABLE_DEBUG_INFO = NO;
				MTL_FAST_MATH = YES;
				SDKROOT = iphoneos;
				SWIFT_COMPILATION_MODE = wholemodule;
				SWIFT_OPTIMIZATION_LEVEL = "-O";
				VALIDATE_PRODUCT = YES;
			};
			name = Release;
		};
		A63337A425BCA0A000572A01 /* Debug */ = {
			isa = XCBuildConfiguration;
			buildSettings = {
				ASSETCATALOG_COMPILER_APPICON_NAME = AppIcon;
				ASSETCATALOG_COMPILER_GLOBAL_ACCENT_COLOR_NAME = AccentColor;
				CODE_SIGN_STYLE = Automatic;
				INFOPLIST_FILE = "$(SRCROOT)/Breeds/Resources/Info.plist";
				LD_RUNPATH_SEARCH_PATHS = (
					"$(inherited)",
					"@executable_path/Frameworks",
				);
				PRODUCT_BUNDLE_IDENTIFIER = com.joaolfp.Breeds;
				PRODUCT_NAME = "$(TARGET_NAME)";
				SWIFT_VERSION = 5.0;
				TARGETED_DEVICE_FAMILY = 1;
			};
			name = Debug;
		};
		A63337A525BCA0A000572A01 /* Release */ = {
			isa = XCBuildConfiguration;
			buildSettings = {
				ASSETCATALOG_COMPILER_APPICON_NAME = AppIcon;
				ASSETCATALOG_COMPILER_GLOBAL_ACCENT_COLOR_NAME = AccentColor;
				CODE_SIGN_STYLE = Automatic;
				INFOPLIST_FILE = "$(SRCROOT)/Breeds/Resources/Info.plist";
				LD_RUNPATH_SEARCH_PATHS = (
					"$(inherited)",
					"@executable_path/Frameworks",
				);
				PRODUCT_BUNDLE_IDENTIFIER = com.joaolfp.Breeds;
				PRODUCT_NAME = "$(TARGET_NAME)";
				SWIFT_VERSION = 5.0;
				TARGETED_DEVICE_FAMILY = 1;
			};
			name = Release;
		};
		A63337A725BCA0A000572A01 /* Debug */ = {
			isa = XCBuildConfiguration;
			buildSettings = {
				ALWAYS_EMBED_SWIFT_STANDARD_LIBRARIES = YES;
				BUNDLE_LOADER = "$(TEST_HOST)";
				CODE_SIGN_STYLE = Automatic;
				INFOPLIST_FILE = BreedsTests/Info.plist;
				IPHONEOS_DEPLOYMENT_TARGET = 14.3;
				LD_RUNPATH_SEARCH_PATHS = (
					"$(inherited)",
					"@executable_path/Frameworks",
					"@loader_path/Frameworks",
				);
				PRODUCT_BUNDLE_IDENTIFIER = com.joaolfp.BreedsTests;
				PRODUCT_NAME = "$(TARGET_NAME)";
				SWIFT_VERSION = 5.0;
				TARGETED_DEVICE_FAMILY = "1,2";
				TEST_HOST = "$(BUILT_PRODUCTS_DIR)/Breeds.app/Breeds";
			};
			name = Debug;
		};
		A63337A825BCA0A000572A01 /* Release */ = {
			isa = XCBuildConfiguration;
			buildSettings = {
				ALWAYS_EMBED_SWIFT_STANDARD_LIBRARIES = YES;
				BUNDLE_LOADER = "$(TEST_HOST)";
				CODE_SIGN_STYLE = Automatic;
				INFOPLIST_FILE = BreedsTests/Info.plist;
				IPHONEOS_DEPLOYMENT_TARGET = 14.3;
				LD_RUNPATH_SEARCH_PATHS = (
					"$(inherited)",
					"@executable_path/Frameworks",
					"@loader_path/Frameworks",
				);
				PRODUCT_BUNDLE_IDENTIFIER = com.joaolfp.BreedsTests;
				PRODUCT_NAME = "$(TARGET_NAME)";
				SWIFT_VERSION = 5.0;
				TARGETED_DEVICE_FAMILY = "1,2";
				TEST_HOST = "$(BUILT_PRODUCTS_DIR)/Breeds.app/Breeds";
			};
			name = Release;
		};
		A63337AA25BCA0A000572A01 /* Debug */ = {
			isa = XCBuildConfiguration;
			buildSettings = {
				ALWAYS_EMBED_SWIFT_STANDARD_LIBRARIES = YES;
				CODE_SIGN_STYLE = Automatic;
				INFOPLIST_FILE = BreedsUITests/Info.plist;
				LD_RUNPATH_SEARCH_PATHS = (
					"$(inherited)",
					"@executable_path/Frameworks",
					"@loader_path/Frameworks",
				);
				PRODUCT_BUNDLE_IDENTIFIER = com.joaolfp.BreedsUITests;
				PRODUCT_NAME = "$(TARGET_NAME)";
				SWIFT_VERSION = 5.0;
				TARGETED_DEVICE_FAMILY = "1,2";
				TEST_TARGET_NAME = Breeds;
			};
			name = Debug;
		};
		A63337AB25BCA0A000572A01 /* Release */ = {
			isa = XCBuildConfiguration;
			buildSettings = {
				ALWAYS_EMBED_SWIFT_STANDARD_LIBRARIES = YES;
				CODE_SIGN_STYLE = Automatic;
				INFOPLIST_FILE = BreedsUITests/Info.plist;
				LD_RUNPATH_SEARCH_PATHS = (
					"$(inherited)",
					"@executable_path/Frameworks",
					"@loader_path/Frameworks",
				);
				PRODUCT_BUNDLE_IDENTIFIER = com.joaolfp.BreedsUITests;
				PRODUCT_NAME = "$(TARGET_NAME)";
				SWIFT_VERSION = 5.0;
				TARGETED_DEVICE_FAMILY = "1,2";
				TEST_TARGET_NAME = Breeds;
			};
			name = Release;
		};
/* End XCBuildConfiguration section */

/* Begin XCConfigurationList section */
		A633377125BCA09C00572A01 /* Build configuration list for PBXProject "Breeds" */ = {
			isa = XCConfigurationList;
			buildConfigurations = (
				A63337A125BCA0A000572A01 /* Debug */,
				A63337A225BCA0A000572A01 /* Release */,
			);
			defaultConfigurationIsVisible = 0;
			defaultConfigurationName = Release;
		};
		A63337A325BCA0A000572A01 /* Build configuration list for PBXNativeTarget "Breeds" */ = {
			isa = XCConfigurationList;
			buildConfigurations = (
				A63337A425BCA0A000572A01 /* Debug */,
				A63337A525BCA0A000572A01 /* Release */,
			);
			defaultConfigurationIsVisible = 0;
			defaultConfigurationName = Release;
		};
		A63337A625BCA0A000572A01 /* Build configuration list for PBXNativeTarget "BreedsTests" */ = {
			isa = XCConfigurationList;
			buildConfigurations = (
				A63337A725BCA0A000572A01 /* Debug */,
				A63337A825BCA0A000572A01 /* Release */,
			);
			defaultConfigurationIsVisible = 0;
			defaultConfigurationName = Release;
		};
		A63337A925BCA0A000572A01 /* Build configuration list for PBXNativeTarget "BreedsUITests" */ = {
			isa = XCConfigurationList;
			buildConfigurations = (
				A63337AA25BCA0A000572A01 /* Debug */,
				A63337AB25BCA0A000572A01 /* Release */,
			);
			defaultConfigurationIsVisible = 0;
			defaultConfigurationName = Release;
		};
/* End XCConfigurationList section */

/* Begin XCVersionGroup section */
		A633378225BCA09C00572A01 /* Breeds.xcdatamodeld */ = {
			isa = XCVersionGroup;
			children = (
				A633378325BCA09C00572A01 /* Breeds.xcdatamodel */,
			);
			currentVersion = A633378325BCA09C00572A01 /* Breeds.xcdatamodel */;
			path = Breeds.xcdatamodeld;
			sourceTree = "<group>";
			versionGroupType = wrapper.xcdatamodel;
		};
/* End XCVersionGroup section */
	};
	rootObject = A633376E25BCA09C00572A01 /* Project object */;
}
