// !$*UTF8*$!
{
	archiveVersion = 1;
	classes = {
	};
	objectVersion = 50;
	objects = {

/* Begin PBXBuildFile section */
		A633377A25BCA09C00572A01 /* AppDelegate.swift in Sources */ = {isa = PBXBuildFile; fileRef = A633377925BCA09C00572A01 /* AppDelegate.swift */; };
		A633377C25BCA09C00572A01 /* SceneDelegate.swift in Sources */ = {isa = PBXBuildFile; fileRef = A633377B25BCA09C00572A01 /* SceneDelegate.swift */; };
		A633378425BCA09C00572A01 /* Breeds.xcdatamodeld in Sources */ = {isa = PBXBuildFile; fileRef = A633378225BCA09C00572A01 /* Breeds.xcdatamodeld */; };
		A633378625BCA09F00572A01 /* Assets.xcassets in Resources */ = {isa = PBXBuildFile; fileRef = A633378525BCA09F00572A01 /* Assets.xcassets */; };
		A633378925BCA09F00572A01 /* LaunchScreen.storyboard in Resources */ = {isa = PBXBuildFile; fileRef = A633378725BCA09F00572A01 /* LaunchScreen.storyboard */; };
		A633379425BCA0A000572A01 /* BreedsTests.swift in Sources */ = {isa = PBXBuildFile; fileRef = A633379325BCA0A000572A01 /* BreedsTests.swift */; };
		A633379F25BCA0A000572A01 /* BreedsUITests.swift in Sources */ = {isa = PBXBuildFile; fileRef = A633379E25BCA0A000572A01 /* BreedsUITests.swift */; };
		A63337C625BCA3BD00572A01 /* BreedsListViewController.swift in Sources */ = {isa = PBXBuildFile; fileRef = A63337C525BCA3BD00572A01 /* BreedsListViewController.swift */; };
		A63337D325BCA4BA00572A01 /* Coordinator+Navigation.swift in Sources */ = {isa = PBXBuildFile; fileRef = A63337D225BCA4BA00572A01 /* Coordinator+Navigation.swift */; };
		A63337DC25BCA4F200572A01 /* Coordinator.swift in Sources */ = {isa = PBXBuildFile; fileRef = A63337DB25BCA4F200572A01 /* Coordinator.swift */; };
		A63337E125BCA54900572A01 /* ViewCode.swift in Sources */ = {isa = PBXBuildFile; fileRef = A63337E025BCA54900572A01 /* ViewCode.swift */; };
		A63337E825BCA5FC00572A01 /* Identifiable.swift in Sources */ = {isa = PBXBuildFile; fileRef = A63337E725BCA5FC00572A01 /* Identifiable.swift */; };
		A63337F025BCA63E00572A01 /* UICollectionView+Identifiable.swift in Sources */ = {isa = PBXBuildFile; fileRef = A63337EF25BCA63E00572A01 /* UICollectionView+Identifiable.swift */; };
		A63337F525BCA69B00572A01 /* UITableView+Identifiable.swift in Sources */ = {isa = PBXBuildFile; fileRef = A63337F425BCA69B00572A01 /* UITableView+Identifiable.swift */; };
		A633380D25BCB24200572A01 /* BreedsListCoordinator.swift in Sources */ = {isa = PBXBuildFile; fileRef = A633380C25BCB24200572A01 /* BreedsListCoordinator.swift */; };
		A633381625BCB40C00572A01 /* FavoritesViewController.swift in Sources */ = {isa = PBXBuildFile; fileRef = A633381525BCB40C00572A01 /* FavoritesViewController.swift */; };
		A633381B25BCB43A00572A01 /* FavoritesCoordinator.swift in Sources */ = {isa = PBXBuildFile; fileRef = A633381A25BCB43A00572A01 /* FavoritesCoordinator.swift */; };
		A633382025BCB4E300572A01 /* TabBarViewController.swift in Sources */ = {isa = PBXBuildFile; fileRef = A633381F25BCB4E300572A01 /* TabBarViewController.swift */; };
		BD4095D30CCE249D7BB40B1B /* Pods_Breeds_BreedsUITests.framework in Frameworks */ = {isa = PBXBuildFile; fileRef = 9148F98AA7046AF6EB062D82 /* Pods_Breeds_BreedsUITests.framework */; };
		D6D93168A754292D703E0233 /* Pods_Breeds.framework in Frameworks */ = {isa = PBXBuildFile; fileRef = F669DFF9495BBB1F9E188D19 /* Pods_Breeds.framework */; };
		D6EF34A2B92A1780A8E48F91 /* Pods_BreedsTests.framework in Frameworks */ = {isa = PBXBuildFile; fileRef = 01FCFFE7F63EC2A99B7FD500 /* Pods_BreedsTests.framework */; };
/* End PBXBuildFile section */

/* Begin PBXContainerItemProxy section */
		A633379025BCA0A000572A01 /* PBXContainerItemProxy */ = {
			isa = PBXContainerItemProxy;
			containerPortal = A633376E25BCA09C00572A01 /* Project object */;
			proxyType = 1;
			remoteGlobalIDString = A633377525BCA09C00572A01;
			remoteInfo = Breeds;
		};
		A633379B25BCA0A000572A01 /* PBXContainerItemProxy */ = {
			isa = PBXContainerItemProxy;
			containerPortal = A633376E25BCA09C00572A01 /* Project object */;
			proxyType = 1;
			remoteGlobalIDString = A633377525BCA09C00572A01;
			remoteInfo = Breeds;
		};
/* End PBXContainerItemProxy section */

/* Begin PBXFileReference section */
		01FCFFE7F63EC2A99B7FD500 /* Pods_BreedsTests.framework */ = {isa = PBXFileReference; explicitFileType = wrapper.framework; includeInIndex = 0; path = Pods_BreedsTests.framework; sourceTree = BUILT_PRODUCTS_DIR; };
		496CA7F533F4768D923EF54F /* Pods-Breeds.debug.xcconfig */ = {isa = PBXFileReference; includeInIndex = 1; lastKnownFileType = text.xcconfig; name = "Pods-Breeds.debug.xcconfig"; path = "Target Support Files/Pods-Breeds/Pods-Breeds.debug.xcconfig"; sourceTree = "<group>"; };
		68490DC49B54BA0E46685ECB /* Pods-BreedsTests.release.xcconfig */ = {isa = PBXFileReference; includeInIndex = 1; lastKnownFileType = text.xcconfig; name = "Pods-BreedsTests.release.xcconfig"; path = "Target Support Files/Pods-BreedsTests/Pods-BreedsTests.release.xcconfig"; sourceTree = "<group>"; };
		9148F98AA7046AF6EB062D82 /* Pods_Breeds_BreedsUITests.framework */ = {isa = PBXFileReference; explicitFileType = wrapper.framework; includeInIndex = 0; path = Pods_Breeds_BreedsUITests.framework; sourceTree = BUILT_PRODUCTS_DIR; };
		A633377625BCA09C00572A01 /* Breeds.app */ = {isa = PBXFileReference; explicitFileType = wrapper.application; includeInIndex = 0; path = Breeds.app; sourceTree = BUILT_PRODUCTS_DIR; };
		A633377925BCA09C00572A01 /* AppDelegate.swift */ = {isa = PBXFileReference; lastKnownFileType = sourcecode.swift; path = AppDelegate.swift; sourceTree = "<group>"; };
		A633377B25BCA09C00572A01 /* SceneDelegate.swift */ = {isa = PBXFileReference; lastKnownFileType = sourcecode.swift; path = SceneDelegate.swift; sourceTree = "<group>"; };
		A633378325BCA09C00572A01 /* Breeds.xcdatamodel */ = {isa = PBXFileReference; lastKnownFileType = wrapper.xcdatamodel; path = Breeds.xcdatamodel; sourceTree = "<group>"; };
		A633378525BCA09F00572A01 /* Assets.xcassets */ = {isa = PBXFileReference; lastKnownFileType = folder.assetcatalog; path = Assets.xcassets; sourceTree = "<group>"; };
		A633378825BCA09F00572A01 /* Base */ = {isa = PBXFileReference; lastKnownFileType = file.storyboard; name = Base; path = Base.lproj/LaunchScreen.storyboard; sourceTree = "<group>"; };
		A633378A25BCA09F00572A01 /* Info.plist */ = {isa = PBXFileReference; lastKnownFileType = text.plist.xml; path = Info.plist; sourceTree = "<group>"; };
		A633378F25BCA0A000572A01 /* BreedsTests.xctest */ = {isa = PBXFileReference; explicitFileType = wrapper.cfbundle; includeInIndex = 0; path = BreedsTests.xctest; sourceTree = BUILT_PRODUCTS_DIR; };
		A633379325BCA0A000572A01 /* BreedsTests.swift */ = {isa = PBXFileReference; lastKnownFileType = sourcecode.swift; path = BreedsTests.swift; sourceTree = "<group>"; };
		A633379525BCA0A000572A01 /* Info.plist */ = {isa = PBXFileReference; lastKnownFileType = text.plist.xml; path = Info.plist; sourceTree = "<group>"; };
		A633379A25BCA0A000572A01 /* BreedsUITests.xctest */ = {isa = PBXFileReference; explicitFileType = wrapper.cfbundle; includeInIndex = 0; path = BreedsUITests.xctest; sourceTree = BUILT_PRODUCTS_DIR; };
		A633379E25BCA0A000572A01 /* BreedsUITests.swift */ = {isa = PBXFileReference; lastKnownFileType = sourcecode.swift; path = BreedsUITests.swift; sourceTree = "<group>"; };
		A63337A025BCA0A000572A01 /* Info.plist */ = {isa = PBXFileReference; lastKnownFileType = text.plist.xml; path = Info.plist; sourceTree = "<group>"; };
		A63337C525BCA3BD00572A01 /* BreedsListViewController.swift */ = {isa = PBXFileReference; lastKnownFileType = sourcecode.swift; path = BreedsListViewController.swift; sourceTree = "<group>"; };
		A63337D225BCA4BA00572A01 /* Coordinator+Navigation.swift */ = {isa = PBXFileReference; lastKnownFileType = sourcecode.swift; path = "Coordinator+Navigation.swift"; sourceTree = "<group>"; };
		A63337DB25BCA4F200572A01 /* Coordinator.swift */ = {isa = PBXFileReference; lastKnownFileType = sourcecode.swift; path = Coordinator.swift; sourceTree = "<group>"; };
		A63337E025BCA54900572A01 /* ViewCode.swift */ = {isa = PBXFileReference; lastKnownFileType = sourcecode.swift; path = ViewCode.swift; sourceTree = "<group>"; };
		A63337E725BCA5FC00572A01 /* Identifiable.swift */ = {isa = PBXFileReference; lastKnownFileType = sourcecode.swift; path = Identifiable.swift; sourceTree = "<group>"; };
		A63337EF25BCA63E00572A01 /* UICollectionView+Identifiable.swift */ = {isa = PBXFileReference; lastKnownFileType = sourcecode.swift; path = "UICollectionView+Identifiable.swift"; sourceTree = "<group>"; };
		A63337F425BCA69B00572A01 /* UITableView+Identifiable.swift */ = {isa = PBXFileReference; lastKnownFileType = sourcecode.swift; path = "UITableView+Identifiable.swift"; sourceTree = "<group>"; };
		A633380C25BCB24200572A01 /* BreedsListCoordinator.swift */ = {isa = PBXFileReference; lastKnownFileType = sourcecode.swift; path = BreedsListCoordinator.swift; sourceTree = "<group>"; };
		A633381525BCB40C00572A01 /* FavoritesViewController.swift */ = {isa = PBXFileReference; lastKnownFileType = sourcecode.swift; path = FavoritesViewController.swift; sourceTree = "<group>"; };
		A633381A25BCB43A00572A01 /* FavoritesCoordinator.swift */ = {isa = PBXFileReference; lastKnownFileType = sourcecode.swift; path = FavoritesCoordinator.swift; sourceTree = "<group>"; };
		A633381F25BCB4E300572A01 /* TabBarViewController.swift */ = {isa = PBXFileReference; lastKnownFileType = sourcecode.swift; path = TabBarViewController.swift; sourceTree = "<group>"; };
		B5C4AEBB5AE9720BA6EAE486 /* Pods-BreedsTests.debug.xcconfig */ = {isa = PBXFileReference; includeInIndex = 1; lastKnownFileType = text.xcconfig; name = "Pods-BreedsTests.debug.xcconfig"; path = "Target Support Files/Pods-BreedsTests/Pods-BreedsTests.debug.xcconfig"; sourceTree = "<group>"; };
		CB67983B89336B77153A1053 /* Pods-Breeds-BreedsUITests.debug.xcconfig */ = {isa = PBXFileReference; includeInIndex = 1; lastKnownFileType = text.xcconfig; name = "Pods-Breeds-BreedsUITests.debug.xcconfig"; path = "Target Support Files/Pods-Breeds-BreedsUITests/Pods-Breeds-BreedsUITests.debug.xcconfig"; sourceTree = "<group>"; };
		CD7FC84A60304F771E69E79B /* Pods-Breeds-BreedsUITests.release.xcconfig */ = {isa = PBXFileReference; includeInIndex = 1; lastKnownFileType = text.xcconfig; name = "Pods-Breeds-BreedsUITests.release.xcconfig"; path = "Target Support Files/Pods-Breeds-BreedsUITests/Pods-Breeds-BreedsUITests.release.xcconfig"; sourceTree = "<group>"; };
		E62F2C2BAF80220F4948A1B9 /* Pods-Breeds.release.xcconfig */ = {isa = PBXFileReference; includeInIndex = 1; lastKnownFileType = text.xcconfig; name = "Pods-Breeds.release.xcconfig"; path = "Target Support Files/Pods-Breeds/Pods-Breeds.release.xcconfig"; sourceTree = "<group>"; };
		F669DFF9495BBB1F9E188D19 /* Pods_Breeds.framework */ = {isa = PBXFileReference; explicitFileType = wrapper.framework; includeInIndex = 0; path = Pods_Breeds.framework; sourceTree = BUILT_PRODUCTS_DIR; };
/* End PBXFileReference section */

/* Begin PBXFrameworksBuildPhase section */
		A633377325BCA09C00572A01 /* Frameworks */ = {
			isa = PBXFrameworksBuildPhase;
			buildActionMask = 2147483647;
			files = (
				D6D93168A754292D703E0233 /* Pods_Breeds.framework in Frameworks */,
			);
			runOnlyForDeploymentPostprocessing = 0;
		};
		A633378C25BCA0A000572A01 /* Frameworks */ = {
			isa = PBXFrameworksBuildPhase;
			buildActionMask = 2147483647;
			files = (
				D6EF34A2B92A1780A8E48F91 /* Pods_BreedsTests.framework in Frameworks */,
			);
			runOnlyForDeploymentPostprocessing = 0;
		};
		A633379725BCA0A000572A01 /* Frameworks */ = {
			isa = PBXFrameworksBuildPhase;
			buildActionMask = 2147483647;
			files = (
				BD4095D30CCE249D7BB40B1B /* Pods_Breeds_BreedsUITests.framework in Frameworks */,
			);
			runOnlyForDeploymentPostprocessing = 0;
		};
/* End PBXFrameworksBuildPhase section */

/* Begin PBXGroup section */
		581AD5F6D5290E20AB32EB99 /* Frameworks */ = {
			isa = PBXGroup;
			children = (
				F669DFF9495BBB1F9E188D19 /* Pods_Breeds.framework */,
				9148F98AA7046AF6EB062D82 /* Pods_Breeds_BreedsUITests.framework */,
				01FCFFE7F63EC2A99B7FD500 /* Pods_BreedsTests.framework */,
			);
			name = Frameworks;
			sourceTree = "<group>";
		};
		A633376D25BCA09C00572A01 = {
			isa = PBXGroup;
			children = (
				A633377825BCA09C00572A01 /* Breeds */,
				A633379225BCA0A000572A01 /* BreedsTests */,
				A633379D25BCA0A000572A01 /* BreedsUITests */,
				A633377725BCA09C00572A01 /* Products */,
				C5DED0BC985FB6A3AC55EA59 /* Pods */,
				581AD5F6D5290E20AB32EB99 /* Frameworks */,
			);
			sourceTree = "<group>";
		};
		A633377725BCA09C00572A01 /* Products */ = {
			isa = PBXGroup;
			children = (
				A633377625BCA09C00572A01 /* Breeds.app */,
				A633378F25BCA0A000572A01 /* BreedsTests.xctest */,
				A633379A25BCA0A000572A01 /* BreedsUITests.xctest */,
			);
			name = Products;
			sourceTree = "<group>";
		};
		A633377825BCA09C00572A01 /* Breeds */ = {
			isa = PBXGroup;
			children = (
				A63337B525BCA2C800572A01 /* Application */,
				A633378225BCA09C00572A01 /* Breeds.xcdatamodeld */,
				A63337BA25BCA2E200572A01 /* Common */,
				A63337BC25BCA30600572A01 /* Network */,
				A63337B925BCA2D500572A01 /* Resources */,
				A63337BB25BCA2EE00572A01 /* Scenes */,
			);
			path = Breeds;
			sourceTree = "<group>";
		};
		A633379225BCA0A000572A01 /* BreedsTests */ = {
			isa = PBXGroup;
			children = (
				A633379325BCA0A000572A01 /* BreedsTests.swift */,
				A633379525BCA0A000572A01 /* Info.plist */,
			);
			path = BreedsTests;
			sourceTree = "<group>";
		};
		A633379D25BCA0A000572A01 /* BreedsUITests */ = {
			isa = PBXGroup;
			children = (
				A633379E25BCA0A000572A01 /* BreedsUITests.swift */,
				A63337A025BCA0A000572A01 /* Info.plist */,
			);
			path = BreedsUITests;
			sourceTree = "<group>";
		};
		A63337B525BCA2C800572A01 /* Application */ = {
			isa = PBXGroup;
			children = (
				A633377925BCA09C00572A01 /* AppDelegate.swift */,
				A633377B25BCA09C00572A01 /* SceneDelegate.swift */,
			);
			path = Application;
			sourceTree = "<group>";
		};
		A63337B925BCA2D500572A01 /* Resources */ = {
			isa = PBXGroup;
			children = (
				A633378525BCA09F00572A01 /* Assets.xcassets */,
				A633378725BCA09F00572A01 /* LaunchScreen.storyboard */,
				A633378A25BCA09F00572A01 /* Info.plist */,
			);
			path = Resources;
			sourceTree = "<group>";
		};
		A63337BA25BCA2E200572A01 /* Common */ = {
			isa = PBXGroup;
			children = (
				A63337CE25BCA46400572A01 /* Coordinator */,
				A63337CF25BCA46A00572A01 /* Database */,
				A63337E525BCA5BC00572A01 /* Extensions */,
				A63337E625BCA5CF00572A01 /* Identifier */,
				A63337CD25BCA45C00572A01 /* TabBar */,
				A63337D025BCA46F00572A01 /* ViewCode */,
				A63337D125BCA47400572A01 /* ViewsStates */,
			);
			path = Common;
			sourceTree = "<group>";
		};
		A63337BB25BCA2EE00572A01 /* Scenes */ = {
			isa = PBXGroup;
			children = (
				A633381125BCB3B700572A01 /* Favorites */,
				A63337C025BCA34400572A01 /* BreedsList */,
			);
			path = Scenes;
			sourceTree = "<group>";
		};
		A63337BC25BCA30600572A01 /* Network */ = {
			isa = PBXGroup;
			children = (
			);
			path = Network;
			sourceTree = "<group>";
		};
		A63337C025BCA34400572A01 /* BreedsList */ = {
			isa = PBXGroup;
			children = (
				A63337C125BCA35200572A01 /* Controller */,
				A63337C225BCA35700572A01 /* Coordinator */,
				A63337C325BCA35D00572A01 /* Model */,
				A63337C425BCA37400572A01 /* View */,
			);
			path = BreedsList;
			sourceTree = "<group>";
		};
		A63337C125BCA35200572A01 /* Controller */ = {
			isa = PBXGroup;
			children = (
				A63337C525BCA3BD00572A01 /* BreedsListViewController.swift */,
			);
			path = Controller;
			sourceTree = "<group>";
		};
		A63337C225BCA35700572A01 /* Coordinator */ = {
			isa = PBXGroup;
			children = (
				A633380C25BCB24200572A01 /* BreedsListCoordinator.swift */,
			);
			path = Coordinator;
			sourceTree = "<group>";
		};
		A63337C325BCA35D00572A01 /* Model */ = {
			isa = PBXGroup;
			children = (
			);
			path = Model;
			sourceTree = "<group>";
		};
		A63337C425BCA37400572A01 /* View */ = {
			isa = PBXGroup;
			children = (
			);
			path = View;
			sourceTree = "<group>";
		};
		A63337CD25BCA45C00572A01 /* TabBar */ = {
			isa = PBXGroup;
			children = (
				A633381F25BCB4E300572A01 /* TabBarViewController.swift */,
			);
			path = TabBar;
			sourceTree = "<group>";
		};
		A63337CE25BCA46400572A01 /* Coordinator */ = {
			isa = PBXGroup;
			children = (
				A63337D225BCA4BA00572A01 /* Coordinator+Navigation.swift */,
				A63337DB25BCA4F200572A01 /* Coordinator.swift */,
			);
			path = Coordinator;
			sourceTree = "<group>";
		};
		A63337CF25BCA46A00572A01 /* Database */ = {
			isa = PBXGroup;
			children = (
			);
			path = Database;
			sourceTree = "<group>";
		};
		A63337D025BCA46F00572A01 /* ViewCode */ = {
			isa = PBXGroup;
			children = (
				A63337E025BCA54900572A01 /* ViewCode.swift */,
			);
			path = ViewCode;
			sourceTree = "<group>";
		};
		A63337D125BCA47400572A01 /* ViewsStates */ = {
			isa = PBXGroup;
			children = (
			);
			path = ViewsStates;
			sourceTree = "<group>";
		};
		A63337E525BCA5BC00572A01 /* Extensions */ = {
			isa = PBXGroup;
			children = (
				A63337E725BCA5FC00572A01 /* Identifiable.swift */,
				A63337EF25BCA63E00572A01 /* UICollectionView+Identifiable.swift */,
				A63337F425BCA69B00572A01 /* UITableView+Identifiable.swift */,
			);
			path = Extensions;
			sourceTree = "<group>";
		};
		A63337E625BCA5CF00572A01 /* Identifier */ = {
			isa = PBXGroup;
			children = (
			);
			path = Identifier;
			sourceTree = "<group>";
		};
		A633381125BCB3B700572A01 /* Favorites */ = {
			isa = PBXGroup;
			children = (
				A633381225BCB3C200572A01 /* Controller */,
				A633381325BCB3C700572A01 /* Coordinator */,
				A633381425BCB3CC00572A01 /* View */,
			);
			path = Favorites;
			sourceTree = "<group>";
		};
		A633381225BCB3C200572A01 /* Controller */ = {
			isa = PBXGroup;
			children = (
				A633381525BCB40C00572A01 /* FavoritesViewController.swift */,
			);
			path = Controller;
			sourceTree = "<group>";
		};
		A633381325BCB3C700572A01 /* Coordinator */ = {
			isa = PBXGroup;
			children = (
				A633381A25BCB43A00572A01 /* FavoritesCoordinator.swift */,
			);
			path = Coordinator;
			sourceTree = "<group>";
		};
		A633381425BCB3CC00572A01 /* View */ = {
			isa = PBXGroup;
			children = (
			);
			path = View;
			sourceTree = "<group>";
		};
		C5DED0BC985FB6A3AC55EA59 /* Pods */ = {
			isa = PBXGroup;
			children = (
				496CA7F533F4768D923EF54F /* Pods-Breeds.debug.xcconfig */,
				E62F2C2BAF80220F4948A1B9 /* Pods-Breeds.release.xcconfig */,
				CB67983B89336B77153A1053 /* Pods-Breeds-BreedsUITests.debug.xcconfig */,
				CD7FC84A60304F771E69E79B /* Pods-Breeds-BreedsUITests.release.xcconfig */,
				B5C4AEBB5AE9720BA6EAE486 /* Pods-BreedsTests.debug.xcconfig */,
				68490DC49B54BA0E46685ECB /* Pods-BreedsTests.release.xcconfig */,
			);
			path = Pods;
			sourceTree = "<group>";
		};
/* End PBXGroup section */

/* Begin PBXNativeTarget section */
		A633377525BCA09C00572A01 /* Breeds */ = {
			isa = PBXNativeTarget;
			buildConfigurationList = A63337A325BCA0A000572A01 /* Build configuration list for PBXNativeTarget "Breeds" */;
			buildPhases = (
				539F2B0A059AE8611A14A31B /* [CP] Check Pods Manifest.lock */,
				A633377225BCA09C00572A01 /* Sources */,
				A633377325BCA09C00572A01 /* Frameworks */,
				A633377425BCA09C00572A01 /* Resources */,
				A633380825BCA81200572A01 /* SwiftLint */,
			);
			buildRules = (
			);
			dependencies = (
			);
			name = Breeds;
			productName = Breeds;
			productReference = A633377625BCA09C00572A01 /* Breeds.app */;
			productType = "com.apple.product-type.application";
		};
		A633378E25BCA0A000572A01 /* BreedsTests */ = {
			isa = PBXNativeTarget;
			buildConfigurationList = A63337A625BCA0A000572A01 /* Build configuration list for PBXNativeTarget "BreedsTests" */;
			buildPhases = (
				07BD2901285180CC1FD85822 /* [CP] Check Pods Manifest.lock */,
				A633378B25BCA0A000572A01 /* Sources */,
				A633378C25BCA0A000572A01 /* Frameworks */,
				A633378D25BCA0A000572A01 /* Resources */,
			);
			buildRules = (
			);
			dependencies = (
				A633379125BCA0A000572A01 /* PBXTargetDependency */,
			);
			name = BreedsTests;
			productName = BreedsTests;
			productReference = A633378F25BCA0A000572A01 /* BreedsTests.xctest */;
			productType = "com.apple.product-type.bundle.unit-test";
		};
		A633379925BCA0A000572A01 /* BreedsUITests */ = {
			isa = PBXNativeTarget;
			buildConfigurationList = A63337A925BCA0A000572A01 /* Build configuration list for PBXNativeTarget "BreedsUITests" */;
			buildPhases = (
				711AC2BF52830C96F59C4A89 /* [CP] Check Pods Manifest.lock */,
				A633379625BCA0A000572A01 /* Sources */,
				A633379725BCA0A000572A01 /* Frameworks */,
				A633379825BCA0A000572A01 /* Resources */,
			);
			buildRules = (
			);
			dependencies = (
				A633379C25BCA0A000572A01 /* PBXTargetDependency */,
			);
			name = BreedsUITests;
			productName = BreedsUITests;
			productReference = A633379A25BCA0A000572A01 /* BreedsUITests.xctest */;
			productType = "com.apple.product-type.bundle.ui-testing";
		};
/* End PBXNativeTarget section */

/* Begin PBXProject section */
		A633376E25BCA09C00572A01 /* Project object */ = {
			isa = PBXProject;
			attributes = {
				LastSwiftUpdateCheck = 1230;
				LastUpgradeCheck = 1230;
				TargetAttributes = {
					A633377525BCA09C00572A01 = {
						CreatedOnToolsVersion = 12.3;
					};
					A633378E25BCA0A000572A01 = {
						CreatedOnToolsVersion = 12.3;
						TestTargetID = A633377525BCA09C00572A01;
					};
					A633379925BCA0A000572A01 = {
						CreatedOnToolsVersion = 12.3;
						TestTargetID = A633377525BCA09C00572A01;
					};
				};
			};
			buildConfigurationList = A633377125BCA09C00572A01 /* Build configuration list for PBXProject "Breeds" */;
			compatibilityVersion = "Xcode 9.3";
			developmentRegion = en;
			hasScannedForEncodings = 0;
			knownRegions = (
				en,
				Base,
			);
			mainGroup = A633376D25BCA09C00572A01;
			productRefGroup = A633377725BCA09C00572A01 /* Products */;
			projectDirPath = "";
			projectRoot = "";
			targets = (
				A633377525BCA09C00572A01 /* Breeds */,
				A633378E25BCA0A000572A01 /* BreedsTests */,
				A633379925BCA0A000572A01 /* BreedsUITests */,
			);
		};
/* End PBXProject section */

/* Begin PBXResourcesBuildPhase section */
		A633377425BCA09C00572A01 /* Resources */ = {
			isa = PBXResourcesBuildPhase;
			buildActionMask = 2147483647;
			files = (
				A633378925BCA09F00572A01 /* LaunchScreen.storyboard in Resources */,
				A633378625BCA09F00572A01 /* Assets.xcassets in Resources */,
			);
			runOnlyForDeploymentPostprocessing = 0;
		};
		A633378D25BCA0A000572A01 /* Resources */ = {
			isa = PBXResourcesBuildPhase;
			buildActionMask = 2147483647;
			files = (
			);
			runOnlyForDeploymentPostprocessing = 0;
		};
		A633379825BCA0A000572A01 /* Resources */ = {
			isa = PBXResourcesBuildPhase;
			buildActionMask = 2147483647;
			files = (
			);
			runOnlyForDeploymentPostprocessing = 0;
		};
/* End PBXResourcesBuildPhase section */

/* Begin PBXShellScriptBuildPhase section */
		07BD2901285180CC1FD85822 /* [CP] Check Pods Manifest.lock */ = {
			isa = PBXShellScriptBuildPhase;
			buildActionMask = 2147483647;
			files = (
			);
			inputFileListPaths = (
			);
			inputPaths = (
				"${PODS_PODFILE_DIR_PATH}/Podfile.lock",
				"${PODS_ROOT}/Manifest.lock",
			);
			name = "[CP] Check Pods Manifest.lock";
			outputFileListPaths = (
			);
			outputPaths = (
				"$(DERIVED_FILE_DIR)/Pods-BreedsTests-checkManifestLockResult.txt",
			);
			runOnlyForDeploymentPostprocessing = 0;
			shellPath = /bin/sh;
			shellScript = "diff \"${PODS_PODFILE_DIR_PATH}/Podfile.lock\" \"${PODS_ROOT}/Manifest.lock\" > /dev/null\nif [ $? != 0 ] ; then\n    # print error to STDERR\n    echo \"error: The sandbox is not in sync with the Podfile.lock. Run 'pod install' or update your CocoaPods installation.\" >&2\n    exit 1\nfi\n# This output is used by Xcode 'outputs' to avoid re-running this script phase.\necho \"SUCCESS\" > \"${SCRIPT_OUTPUT_FILE_0}\"\n";
			showEnvVarsInLog = 0;
		};
		539F2B0A059AE8611A14A31B /* [CP] Check Pods Manifest.lock */ = {
			isa = PBXShellScriptBuildPhase;
			buildActionMask = 2147483647;
			files = (
			);
			inputFileListPaths = (
			);
			inputPaths = (
				"${PODS_PODFILE_DIR_PATH}/Podfile.lock",
				"${PODS_ROOT}/Manifest.lock",
			);
			name = "[CP] Check Pods Manifest.lock";
			outputFileListPaths = (
			);
			outputPaths = (
				"$(DERIVED_FILE_DIR)/Pods-Breeds-checkManifestLockResult.txt",
			);
			runOnlyForDeploymentPostprocessing = 0;
			shellPath = /bin/sh;
			shellScript = "diff \"${PODS_PODFILE_DIR_PATH}/Podfile.lock\" \"${PODS_ROOT}/Manifest.lock\" > /dev/null\nif [ $? != 0 ] ; then\n    # print error to STDERR\n    echo \"error: The sandbox is not in sync with the Podfile.lock. Run 'pod install' or update your CocoaPods installation.\" >&2\n    exit 1\nfi\n# This output is used by Xcode 'outputs' to avoid re-running this script phase.\necho \"SUCCESS\" > \"${SCRIPT_OUTPUT_FILE_0}\"\n";
			showEnvVarsInLog = 0;
		};
		711AC2BF52830C96F59C4A89 /* [CP] Check Pods Manifest.lock */ = {
			isa = PBXShellScriptBuildPhase;
			buildActionMask = 2147483647;
			files = (
			);
			inputFileListPaths = (
			);
			inputPaths = (
				"${PODS_PODFILE_DIR_PATH}/Podfile.lock",
				"${PODS_ROOT}/Manifest.lock",
			);
			name = "[CP] Check Pods Manifest.lock";
			outputFileListPaths = (
			);
			outputPaths = (
				"$(DERIVED_FILE_DIR)/Pods-Breeds-BreedsUITests-checkManifestLockResult.txt",
			);
			runOnlyForDeploymentPostprocessing = 0;
			shellPath = /bin/sh;
			shellScript = "diff \"${PODS_PODFILE_DIR_PATH}/Podfile.lock\" \"${PODS_ROOT}/Manifest.lock\" > /dev/null\nif [ $? != 0 ] ; then\n    # print error to STDERR\n    echo \"error: The sandbox is not in sync with the Podfile.lock. Run 'pod install' or update your CocoaPods installation.\" >&2\n    exit 1\nfi\n# This output is used by Xcode 'outputs' to avoid re-running this script phase.\necho \"SUCCESS\" > \"${SCRIPT_OUTPUT_FILE_0}\"\n";
			showEnvVarsInLog = 0;
		};
		A633380825BCA81200572A01 /* SwiftLint */ = {
			isa = PBXShellScriptBuildPhase;
			buildActionMask = 2147483647;
			files = (
			);
			inputFileListPaths = (
			);
			inputPaths = (
			);
			name = SwiftLint;
			outputFileListPaths = (
			);
			outputPaths = (
			);
			runOnlyForDeploymentPostprocessing = 0;
			shellPath = /bin/sh;
			shellScript = "\"${PODS_ROOT}/SwiftLint/swiftlint\"\n";
		};
/* End PBXShellScriptBuildPhase section */

/* Begin PBXSourcesBuildPhase section */
		A633377225BCA09C00572A01 /* Sources */ = {
			isa = PBXSourcesBuildPhase;
			buildActionMask = 2147483647;
			files = (
				A63337D325BCA4BA00572A01 /* Coordinator+Navigation.swift in Sources */,
				A63337F525BCA69B00572A01 /* UITableView+Identifiable.swift in Sources */,
				A633378425BCA09C00572A01 /* Breeds.xcdatamodeld in Sources */,
				A63337DC25BCA4F200572A01 /* Coordinator.swift in Sources */,
				A633382025BCB4E300572A01 /* TabBarViewController.swift in Sources */,
				A63337E125BCA54900572A01 /* ViewCode.swift in Sources */,
				A63337F025BCA63E00572A01 /* UICollectionView+Identifiable.swift in Sources */,
				A633381B25BCB43A00572A01 /* FavoritesCoordinator.swift in Sources */,
				A63337C625BCA3BD00572A01 /* BreedsListViewController.swift in Sources */,
				A63337E825BCA5FC00572A01 /* Identifiable.swift in Sources */,
				A633380D25BCB24200572A01 /* BreedsListCoordinator.swift in Sources */,
				A633377A25BCA09C00572A01 /* AppDelegate.swift in Sources */,
				A633381625BCB40C00572A01 /* FavoritesViewController.swift in Sources */,
				A633377C25BCA09C00572A01 /* SceneDelegate.swift in Sources */,
			);
			runOnlyForDeploymentPostprocessing = 0;
		};
		A633378B25BCA0A000572A01 /* Sources */ = {
			isa = PBXSourcesBuildPhase;
			buildActionMask = 2147483647;
			files = (
				A633379425BCA0A000572A01 /* BreedsTests.swift in Sources */,
			);
			runOnlyForDeploymentPostprocessing = 0;
		};
		A633379625BCA0A000572A01 /* Sources */ = {
			isa = PBXSourcesBuildPhase;
			buildActionMask = 2147483647;
			files = (
				A633379F25BCA0A000572A01 /* BreedsUITests.swift in Sources */,
			);
			runOnlyForDeploymentPostprocessing = 0;
		};
/* End PBXSourcesBuildPhase section */

/* Begin PBXTargetDependency section */
		A633379125BCA0A000572A01 /* PBXTargetDependency */ = {
			isa = PBXTargetDependency;
			target = A633377525BCA09C00572A01 /* Breeds */;
			targetProxy = A633379025BCA0A000572A01 /* PBXContainerItemProxy */;
		};
		A633379C25BCA0A000572A01 /* PBXTargetDependency */ = {
			isa = PBXTargetDependency;
			target = A633377525BCA09C00572A01 /* Breeds */;
			targetProxy = A633379B25BCA0A000572A01 /* PBXContainerItemProxy */;
		};
/* End PBXTargetDependency section */

/* Begin PBXVariantGroup section */
		A633378725BCA09F00572A01 /* LaunchScreen.storyboard */ = {
			isa = PBXVariantGroup;
			children = (
				A633378825BCA09F00572A01 /* Base */,
			);
			name = LaunchScreen.storyboard;
			sourceTree = "<group>";
		};
/* End PBXVariantGroup section */

/* Begin XCBuildConfiguration section */
		A63337A125BCA0A000572A01 /* Debug */ = {
			isa = XCBuildConfiguration;
			buildSettings = {
				ALWAYS_SEARCH_USER_PATHS = NO;
				CLANG_ANALYZER_NONNULL = YES;
				CLANG_ANALYZER_NUMBER_OBJECT_CONVERSION = YES_AGGRESSIVE;
				CLANG_CXX_LANGUAGE_STANDARD = "gnu++14";
				CLANG_CXX_LIBRARY = "libc++";
				CLANG_ENABLE_MODULES = YES;
				CLANG_ENABLE_OBJC_ARC = YES;
				CLANG_ENABLE_OBJC_WEAK = YES;
				CLANG_WARN_BLOCK_CAPTURE_AUTORELEASING = YES;
				CLANG_WARN_BOOL_CONVERSION = YES;
				CLANG_WARN_COMMA = YES;
				CLANG_WARN_CONSTANT_CONVERSION = YES;
				CLANG_WARN_DEPRECATED_OBJC_IMPLEMENTATIONS = YES;
				CLANG_WARN_DIRECT_OBJC_ISA_USAGE = YES_ERROR;
				CLANG_WARN_DOCUMENTATION_COMMENTS = YES;
				CLANG_WARN_EMPTY_BODY = YES;
				CLANG_WARN_ENUM_CONVERSION = YES;
				CLANG_WARN_INFINITE_RECURSION = YES;
				CLANG_WARN_INT_CONVERSION = YES;
				CLANG_WARN_NON_LITERAL_NULL_CONVERSION = YES;
				CLANG_WARN_OBJC_IMPLICIT_RETAIN_SELF = YES;
				CLANG_WARN_OBJC_LITERAL_CONVERSION = YES;
				CLANG_WARN_OBJC_ROOT_CLASS = YES_ERROR;
				CLANG_WARN_QUOTED_INCLUDE_IN_FRAMEWORK_HEADER = YES;
				CLANG_WARN_RANGE_LOOP_ANALYSIS = YES;
				CLANG_WARN_STRICT_PROTOTYPES = YES;
				CLANG_WARN_SUSPICIOUS_MOVE = YES;
				CLANG_WARN_UNGUARDED_AVAILABILITY = YES_AGGRESSIVE;
				CLANG_WARN_UNREACHABLE_CODE = YES;
				CLANG_WARN__DUPLICATE_METHOD_MATCH = YES;
				COPY_PHASE_STRIP = NO;
				DEBUG_INFORMATION_FORMAT = dwarf;
				ENABLE_STRICT_OBJC_MSGSEND = YES;
				ENABLE_TESTABILITY = YES;
				GCC_C_LANGUAGE_STANDARD = gnu11;
				GCC_DYNAMIC_NO_PIC = NO;
				GCC_NO_COMMON_BLOCKS = YES;
				GCC_OPTIMIZATION_LEVEL = 0;
				GCC_PREPROCESSOR_DEFINITIONS = (
					"DEBUG=1",
					"$(inherited)",
				);
				GCC_WARN_64_TO_32_BIT_CONVERSION = YES;
				GCC_WARN_ABOUT_RETURN_TYPE = YES_ERROR;
				GCC_WARN_UNDECLARED_SELECTOR = YES;
				GCC_WARN_UNINITIALIZED_AUTOS = YES_AGGRESSIVE;
				GCC_WARN_UNUSED_FUNCTION = YES;
				GCC_WARN_UNUSED_VARIABLE = YES;
				IPHONEOS_DEPLOYMENT_TARGET = 14.3;
				MTL_ENABLE_DEBUG_INFO = INCLUDE_SOURCE;
				MTL_FAST_MATH = YES;
				ONLY_ACTIVE_ARCH = YES;
				SDKROOT = iphoneos;
				SWIFT_ACTIVE_COMPILATION_CONDITIONS = DEBUG;
				SWIFT_OPTIMIZATION_LEVEL = "-Onone";
			};
			name = Debug;
		};
		A63337A225BCA0A000572A01 /* Release */ = {
			isa = XCBuildConfiguration;
			buildSettings = {
				ALWAYS_SEARCH_USER_PATHS = NO;
				CLANG_ANALYZER_NONNULL = YES;
				CLANG_ANALYZER_NUMBER_OBJECT_CONVERSION = YES_AGGRESSIVE;
				CLANG_CXX_LANGUAGE_STANDARD = "gnu++14";
				CLANG_CXX_LIBRARY = "libc++";
				CLANG_ENABLE_MODULES = YES;
				CLANG_ENABLE_OBJC_ARC = YES;
				CLANG_ENABLE_OBJC_WEAK = YES;
				CLANG_WARN_BLOCK_CAPTURE_AUTORELEASING = YES;
				CLANG_WARN_BOOL_CONVERSION = YES;
				CLANG_WARN_COMMA = YES;
				CLANG_WARN_CONSTANT_CONVERSION = YES;
				CLANG_WARN_DEPRECATED_OBJC_IMPLEMENTATIONS = YES;
				CLANG_WARN_DIRECT_OBJC_ISA_USAGE = YES_ERROR;
				CLANG_WARN_DOCUMENTATION_COMMENTS = YES;
				CLANG_WARN_EMPTY_BODY = YES;
				CLANG_WARN_ENUM_CONVERSION = YES;
				CLANG_WARN_INFINITE_RECURSION = YES;
				CLANG_WARN_INT_CONVERSION = YES;
				CLANG_WARN_NON_LITERAL_NULL_CONVERSION = YES;
				CLANG_WARN_OBJC_IMPLICIT_RETAIN_SELF = YES;
				CLANG_WARN_OBJC_LITERAL_CONVERSION = YES;
				CLANG_WARN_OBJC_ROOT_CLASS = YES_ERROR;
				CLANG_WARN_QUOTED_INCLUDE_IN_FRAMEWORK_HEADER = YES;
				CLANG_WARN_RANGE_LOOP_ANALYSIS = YES;
				CLANG_WARN_STRICT_PROTOTYPES = YES;
				CLANG_WARN_SUSPICIOUS_MOVE = YES;
				CLANG_WARN_UNGUARDED_AVAILABILITY = YES_AGGRESSIVE;
				CLANG_WARN_UNREACHABLE_CODE = YES;
				CLANG_WARN__DUPLICATE_METHOD_MATCH = YES;
				COPY_PHASE_STRIP = NO;
				DEBUG_INFORMATION_FORMAT = "dwarf-with-dsym";
				ENABLE_NS_ASSERTIONS = NO;
				ENABLE_STRICT_OBJC_MSGSEND = YES;
				GCC_C_LANGUAGE_STANDARD = gnu11;
				GCC_NO_COMMON_BLOCKS = YES;
				GCC_WARN_64_TO_32_BIT_CONVERSION = YES;
				GCC_WARN_ABOUT_RETURN_TYPE = YES_ERROR;
				GCC_WARN_UNDECLARED_SELECTOR = YES;
				GCC_WARN_UNINITIALIZED_AUTOS = YES_AGGRESSIVE;
				GCC_WARN_UNUSED_FUNCTION = YES;
				GCC_WARN_UNUSED_VARIABLE = YES;
				IPHONEOS_DEPLOYMENT_TARGET = 14.3;
				MTL_ENABLE_DEBUG_INFO = NO;
				MTL_FAST_MATH = YES;
				SDKROOT = iphoneos;
				SWIFT_COMPILATION_MODE = wholemodule;
				SWIFT_OPTIMIZATION_LEVEL = "-O";
				VALIDATE_PRODUCT = YES;
			};
			name = Release;
		};
		A63337A425BCA0A000572A01 /* Debug */ = {
			isa = XCBuildConfiguration;
			baseConfigurationReference = 496CA7F533F4768D923EF54F /* Pods-Breeds.debug.xcconfig */;
			buildSettings = {
				ASSETCATALOG_COMPILER_APPICON_NAME = AppIcon;
				ASSETCATALOG_COMPILER_GLOBAL_ACCENT_COLOR_NAME = AccentColor;
				CODE_SIGN_STYLE = Automatic;
				INFOPLIST_FILE = "$(SRCROOT)/Breeds/Resources/Info.plist";
				LD_RUNPATH_SEARCH_PATHS = (
					"$(inherited)",
					"@executable_path/Frameworks",
				);
				PRODUCT_BUNDLE_IDENTIFIER = com.joaolfp.Breeds;
				PRODUCT_NAME = "$(TARGET_NAME)";
				SWIFT_VERSION = 5.0;
				TARGETED_DEVICE_FAMILY = 1;
			};
			name = Debug;
		};
		A63337A525BCA0A000572A01 /* Release */ = {
			isa = XCBuildConfiguration;
			baseConfigurationReference = E62F2C2BAF80220F4948A1B9 /* Pods-Breeds.release.xcconfig */;
			buildSettings = {
				ASSETCATALOG_COMPILER_APPICON_NAME = AppIcon;
				ASSETCATALOG_COMPILER_GLOBAL_ACCENT_COLOR_NAME = AccentColor;
				CODE_SIGN_STYLE = Automatic;
				INFOPLIST_FILE = "$(SRCROOT)/Breeds/Resources/Info.plist";
				LD_RUNPATH_SEARCH_PATHS = (
					"$(inherited)",
					"@executable_path/Frameworks",
				);
				PRODUCT_BUNDLE_IDENTIFIER = com.joaolfp.Breeds;
				PRODUCT_NAME = "$(TARGET_NAME)";
				SWIFT_VERSION = 5.0;
				TARGETED_DEVICE_FAMILY = 1;
			};
			name = Release;
		};
		A63337A725BCA0A000572A01 /* Debug */ = {
			isa = XCBuildConfiguration;
			baseConfigurationReference = B5C4AEBB5AE9720BA6EAE486 /* Pods-BreedsTests.debug.xcconfig */;
			buildSettings = {
				ALWAYS_EMBED_SWIFT_STANDARD_LIBRARIES = YES;
				BUNDLE_LOADER = "$(TEST_HOST)";
				CODE_SIGN_STYLE = Automatic;
				INFOPLIST_FILE = BreedsTests/Info.plist;
				IPHONEOS_DEPLOYMENT_TARGET = 14.3;
				LD_RUNPATH_SEARCH_PATHS = (
					"$(inherited)",
					"@executable_path/Frameworks",
					"@loader_path/Frameworks",
				);
				PRODUCT_BUNDLE_IDENTIFIER = com.joaolfp.BreedsTests;
				PRODUCT_NAME = "$(TARGET_NAME)";
				SWIFT_VERSION = 5.0;
				TARGETED_DEVICE_FAMILY = "1,2";
				TEST_HOST = "$(BUILT_PRODUCTS_DIR)/Breeds.app/Breeds";
			};
			name = Debug;
		};
		A63337A825BCA0A000572A01 /* Release */ = {
			isa = XCBuildConfiguration;
			baseConfigurationReference = 68490DC49B54BA0E46685ECB /* Pods-BreedsTests.release.xcconfig */;
			buildSettings = {
				ALWAYS_EMBED_SWIFT_STANDARD_LIBRARIES = YES;
				BUNDLE_LOADER = "$(TEST_HOST)";
				CODE_SIGN_STYLE = Automatic;
				INFOPLIST_FILE = BreedsTests/Info.plist;
				IPHONEOS_DEPLOYMENT_TARGET = 14.3;
				LD_RUNPATH_SEARCH_PATHS = (
					"$(inherited)",
					"@executable_path/Frameworks",
					"@loader_path/Frameworks",
				);
				PRODUCT_BUNDLE_IDENTIFIER = com.joaolfp.BreedsTests;
				PRODUCT_NAME = "$(TARGET_NAME)";
				SWIFT_VERSION = 5.0;
				TARGETED_DEVICE_FAMILY = "1,2";
				TEST_HOST = "$(BUILT_PRODUCTS_DIR)/Breeds.app/Breeds";
			};
			name = Release;
		};
		A63337AA25BCA0A000572A01 /* Debug */ = {
			isa = XCBuildConfiguration;
			baseConfigurationReference = CB67983B89336B77153A1053 /* Pods-Breeds-BreedsUITests.debug.xcconfig */;
			buildSettings = {
				ALWAYS_EMBED_SWIFT_STANDARD_LIBRARIES = YES;
				CODE_SIGN_STYLE = Automatic;
				INFOPLIST_FILE = BreedsUITests/Info.plist;
				LD_RUNPATH_SEARCH_PATHS = (
					"$(inherited)",
					"@executable_path/Frameworks",
					"@loader_path/Frameworks",
				);
				PRODUCT_BUNDLE_IDENTIFIER = com.joaolfp.BreedsUITests;
				PRODUCT_NAME = "$(TARGET_NAME)";
				SWIFT_VERSION = 5.0;
				TARGETED_DEVICE_FAMILY = "1,2";
				TEST_TARGET_NAME = Breeds;
			};
			name = Debug;
		};
		A63337AB25BCA0A000572A01 /* Release */ = {
			isa = XCBuildConfiguration;
			baseConfigurationReference = CD7FC84A60304F771E69E79B /* Pods-Breeds-BreedsUITests.release.xcconfig */;
			buildSettings = {
				ALWAYS_EMBED_SWIFT_STANDARD_LIBRARIES = YES;
				CODE_SIGN_STYLE = Automatic;
				INFOPLIST_FILE = BreedsUITests/Info.plist;
				LD_RUNPATH_SEARCH_PATHS = (
					"$(inherited)",
					"@executable_path/Frameworks",
					"@loader_path/Frameworks",
				);
				PRODUCT_BUNDLE_IDENTIFIER = com.joaolfp.BreedsUITests;
				PRODUCT_NAME = "$(TARGET_NAME)";
				SWIFT_VERSION = 5.0;
				TARGETED_DEVICE_FAMILY = "1,2";
				TEST_TARGET_NAME = Breeds;
			};
			name = Release;
		};
/* End XCBuildConfiguration section */

/* Begin XCConfigurationList section */
		A633377125BCA09C00572A01 /* Build configuration list for PBXProject "Breeds" */ = {
			isa = XCConfigurationList;
			buildConfigurations = (
				A63337A125BCA0A000572A01 /* Debug */,
				A63337A225BCA0A000572A01 /* Release */,
			);
			defaultConfigurationIsVisible = 0;
			defaultConfigurationName = Release;
		};
		A63337A325BCA0A000572A01 /* Build configuration list for PBXNativeTarget "Breeds" */ = {
			isa = XCConfigurationList;
			buildConfigurations = (
				A63337A425BCA0A000572A01 /* Debug */,
				A63337A525BCA0A000572A01 /* Release */,
			);
			defaultConfigurationIsVisible = 0;
			defaultConfigurationName = Release;
		};
		A63337A625BCA0A000572A01 /* Build configuration list for PBXNativeTarget "BreedsTests" */ = {
			isa = XCConfigurationList;
			buildConfigurations = (
				A63337A725BCA0A000572A01 /* Debug */,
				A63337A825BCA0A000572A01 /* Release */,
			);
			defaultConfigurationIsVisible = 0;
			defaultConfigurationName = Release;
		};
		A63337A925BCA0A000572A01 /* Build configuration list for PBXNativeTarget "BreedsUITests" */ = {
			isa = XCConfigurationList;
			buildConfigurations = (
				A63337AA25BCA0A000572A01 /* Debug */,
				A63337AB25BCA0A000572A01 /* Release */,
			);
			defaultConfigurationIsVisible = 0;
			defaultConfigurationName = Release;
		};
/* End XCConfigurationList section */

/* Begin XCVersionGroup section */
		A633378225BCA09C00572A01 /* Breeds.xcdatamodeld */ = {
			isa = XCVersionGroup;
			children = (
				A633378325BCA09C00572A01 /* Breeds.xcdatamodel */,
			);
			currentVersion = A633378325BCA09C00572A01 /* Breeds.xcdatamodel */;
			path = Breeds.xcdatamodeld;
			sourceTree = "<group>";
			versionGroupType = wrapper.xcdatamodel;
		};
/* End XCVersionGroup section */
	};
	rootObject = A633376E25BCA09C00572A01 /* Project object */;
}
